
Microsoft Visual Studio Solution File, Format Version 12.00
# Visual Studio 14
VisualStudioVersion = 14.0.25420.1
MinimumVisualStudioVersion = 10.0.40219.1
Project("{FAE04EC0-301F-11D3-BF4B-00C04F79EFBC}") = "lise.dojo.bowling", "lise.dojo.bowling\lise.dojo.bowling.csproj", "{C19B3C2D-7DC5-40C4-8B54-7F50DF6E07FC}"
EndProject
Global
	GlobalSection(SolutionConfigurationPlatforms) = preSolution
		Debug|Any CPU = Debug|Any CPU
		Release|Any CPU = Release|Any CPU
	EndGlobalSection
	GlobalSection(ProjectConfigurationPlatforms) = postSolution
		{C19B3C2D-7DC5-40C4-8B54-7F50DF6E07FC}.Debug|Any CPU.ActiveCfg = Debug|Any CPU
		{C19B3C2D-7DC5-40C4-8B54-7F50DF6E07FC}.Debug|Any CPU.Build.0 = Debug|Any CPU
		{C19B3C2D-7DC5-40C4-8B54-7F50DF6E07FC}.Release|Any CPU.ActiveCfg = Release|Any CPU
		{C19B3C2D-7DC5-40C4-8B54-7F50DF6E07FC}.Release|Any CPU.Build.0 = Release|Any CPU
	EndGlobalSection
	GlobalSection(SolutionProperties) = preSolution
		HideSolutionNode = FALSE
	EndGlobalSection
EndGlobal
